// !$*UTF8*$!
{
	archiveVersion = 1;
	classes = {
	};
	objectVersion = 46;
	objects = {

/* Begin PBXBuildFile section */
		7C3E89B71EFD7CFB00144793 /* Date+format.swift in Sources */ = {isa = PBXBuildFile; fileRef = 7C3E89B61EFD7CFB00144793 /* Date+format.swift */; };
		7C58877D1EFC5606007F32BC /* GoalCellDTO.swift in Sources */ = {isa = PBXBuildFile; fileRef = 7C58877C1EFC5606007F32BC /* GoalCellDTO.swift */; };
		7C603F381EFAE79500529D58 /* GoalTableViewCell.swift in Sources */ = {isa = PBXBuildFile; fileRef = 7C603F371EFAE79500529D58 /* GoalTableViewCell.swift */; };
		7C6BE8B41EF83A6F008B86F9 /* AppDelegate.swift in Sources */ = {isa = PBXBuildFile; fileRef = 7C6BE8B31EF83A6F008B86F9 /* AppDelegate.swift */; };
		7C6BE8BB1EF83A6F008B86F9 /* Assets.xcassets in Resources */ = {isa = PBXBuildFile; fileRef = 7C6BE8BA1EF83A6F008B86F9 /* Assets.xcassets */; };
		7C6BE8BE1EF83A6F008B86F9 /* LaunchScreen.storyboard in Resources */ = {isa = PBXBuildFile; fileRef = 7C6BE8BC1EF83A6F008B86F9 /* LaunchScreen.storyboard */; };
		7C6BE8D21EF83ACE008B86F9 /* GoalsInteractor.swift in Sources */ = {isa = PBXBuildFile; fileRef = 7C6BE8C81EF83ACE008B86F9 /* GoalsInteractor.swift */; };
		7C6BE8D51EF83ACE008B86F9 /* GoalsPresenter.swift in Sources */ = {isa = PBXBuildFile; fileRef = 7C6BE8CC1EF83ACE008B86F9 /* GoalsPresenter.swift */; };
		7C6BE8D91EF83ACE008B86F9 /* GoalsViewController.swift in Sources */ = {isa = PBXBuildFile; fileRef = 7C6BE8D11EF83ACE008B86F9 /* GoalsViewController.swift */; };
		7C6BE8DD1EF8403A008B86F9 /* GoalsViewInterface.swift in Sources */ = {isa = PBXBuildFile; fileRef = 7C6BE8DC1EF8403A008B86F9 /* GoalsViewInterface.swift */; };
		7C6BE8E01EF84048008B86F9 /* GoalsInteractorOutput.swift in Sources */ = {isa = PBXBuildFile; fileRef = 7C6BE8DE1EF84048008B86F9 /* GoalsInteractorOutput.swift */; };
		7C6BE8E11EF84048008B86F9 /* GoalsModuleInterface.swift in Sources */ = {isa = PBXBuildFile; fileRef = 7C6BE8DF1EF84048008B86F9 /* GoalsModuleInterface.swift */; };
		7C6BE8E31EF84053008B86F9 /* GoalsInteractorInput.swift in Sources */ = {isa = PBXBuildFile; fileRef = 7C6BE8E21EF84053008B86F9 /* GoalsInteractorInput.swift */; };
		7C6BE8E91EF84103008B86F9 /* GoalsRouter.swift in Sources */ = {isa = PBXBuildFile; fileRef = 7C6BE8E71EF84103008B86F9 /* GoalsRouter.swift */; };
		7C6BE8EA1EF84103008B86F9 /* GoalsWireFrame.swift in Sources */ = {isa = PBXBuildFile; fileRef = 7C6BE8E81EF84103008B86F9 /* GoalsWireFrame.swift */; };
		7C6BE8ED1EF84193008B86F9 /* Goal.swift in Sources */ = {isa = PBXBuildFile; fileRef = 7C6BE8EC1EF84193008B86F9 /* Goal.swift */; };
		7C6BE8EF1EF842D1008B86F9 /* GoalDataStore.swift in Sources */ = {isa = PBXBuildFile; fileRef = 7C6BE8EE1EF842D1008B86F9 /* GoalDataStore.swift */; };
		7C6BE8F11EF8438D008B86F9 /* GoalMockDataStore.swift in Sources */ = {isa = PBXBuildFile; fileRef = 7C6BE8F01EF8438D008B86F9 /* GoalMockDataStore.swift */; };
		7C6BE8F61EF85C20008B86F9 /* Anchorage.framework in Frameworks */ = {isa = PBXBuildFile; fileRef = 7C6BE8F51EF85C20008B86F9 /* Anchorage.framework */; };
		7C6BE8F91EF85E65008B86F9 /* GoalsView.swift in Sources */ = {isa = PBXBuildFile; fileRef = 7C6BE8F81EF85E65008B86F9 /* GoalsView.swift */; };
/* End PBXBuildFile section */

/* Begin PBXFileReference section */
		7C3E89B61EFD7CFB00144793 /* Date+format.swift */ = {isa = PBXFileReference; fileEncoding = 4; lastKnownFileType = sourcecode.swift; path = "Date+format.swift"; sourceTree = "<group>"; };
		7C58877C1EFC5606007F32BC /* GoalCellDTO.swift */ = {isa = PBXFileReference; fileEncoding = 4; lastKnownFileType = sourcecode.swift; path = GoalCellDTO.swift; sourceTree = "<group>"; };
		7C603F371EFAE79500529D58 /* GoalTableViewCell.swift */ = {isa = PBXFileReference; fileEncoding = 4; lastKnownFileType = sourcecode.swift; path = GoalTableViewCell.swift; sourceTree = "<group>"; };
		7C6BE8B01EF83A6F008B86F9 /* BeatTheDay.app */ = {isa = PBXFileReference; explicitFileType = wrapper.application; includeInIndex = 0; path = BeatTheDay.app; sourceTree = BUILT_PRODUCTS_DIR; };
		7C6BE8B31EF83A6F008B86F9 /* AppDelegate.swift */ = {isa = PBXFileReference; lastKnownFileType = sourcecode.swift; path = AppDelegate.swift; sourceTree = "<group>"; };
		7C6BE8BA1EF83A6F008B86F9 /* Assets.xcassets */ = {isa = PBXFileReference; lastKnownFileType = folder.assetcatalog; path = Assets.xcassets; sourceTree = "<group>"; };
		7C6BE8BD1EF83A6F008B86F9 /* Base */ = {isa = PBXFileReference; lastKnownFileType = file.storyboard; name = Base; path = Base.lproj/LaunchScreen.storyboard; sourceTree = "<group>"; };
		7C6BE8BF1EF83A6F008B86F9 /* Info.plist */ = {isa = PBXFileReference; lastKnownFileType = text.plist.xml; path = Info.plist; sourceTree = "<group>"; };
		7C6BE8C81EF83ACE008B86F9 /* GoalsInteractor.swift */ = {isa = PBXFileReference; fileEncoding = 4; lastKnownFileType = sourcecode.swift; path = GoalsInteractor.swift; sourceTree = "<group>"; };
		7C6BE8CC1EF83ACE008B86F9 /* GoalsPresenter.swift */ = {isa = PBXFileReference; fileEncoding = 4; lastKnownFileType = sourcecode.swift; path = GoalsPresenter.swift; sourceTree = "<group>"; };
		7C6BE8D11EF83ACE008B86F9 /* GoalsViewController.swift */ = {isa = PBXFileReference; fileEncoding = 4; lastKnownFileType = sourcecode.swift; path = GoalsViewController.swift; sourceTree = "<group>"; };
		7C6BE8DC1EF8403A008B86F9 /* GoalsViewInterface.swift */ = {isa = PBXFileReference; fileEncoding = 4; lastKnownFileType = sourcecode.swift; path = GoalsViewInterface.swift; sourceTree = "<group>"; };
		7C6BE8DE1EF84048008B86F9 /* GoalsInteractorOutput.swift */ = {isa = PBXFileReference; fileEncoding = 4; lastKnownFileType = sourcecode.swift; path = GoalsInteractorOutput.swift; sourceTree = "<group>"; };
		7C6BE8DF1EF84048008B86F9 /* GoalsModuleInterface.swift */ = {isa = PBXFileReference; fileEncoding = 4; lastKnownFileType = sourcecode.swift; path = GoalsModuleInterface.swift; sourceTree = "<group>"; };
		7C6BE8E21EF84053008B86F9 /* GoalsInteractorInput.swift */ = {isa = PBXFileReference; fileEncoding = 4; lastKnownFileType = sourcecode.swift; path = GoalsInteractorInput.swift; sourceTree = "<group>"; };
		7C6BE8E71EF84103008B86F9 /* GoalsRouter.swift */ = {isa = PBXFileReference; fileEncoding = 4; lastKnownFileType = sourcecode.swift; path = GoalsRouter.swift; sourceTree = "<group>"; };
		7C6BE8E81EF84103008B86F9 /* GoalsWireFrame.swift */ = {isa = PBXFileReference; fileEncoding = 4; lastKnownFileType = sourcecode.swift; path = GoalsWireFrame.swift; sourceTree = "<group>"; };
		7C6BE8EC1EF84193008B86F9 /* Goal.swift */ = {isa = PBXFileReference; fileEncoding = 4; lastKnownFileType = sourcecode.swift; path = Goal.swift; sourceTree = "<group>"; };
		7C6BE8EE1EF842D1008B86F9 /* GoalDataStore.swift */ = {isa = PBXFileReference; fileEncoding = 4; lastKnownFileType = sourcecode.swift; path = GoalDataStore.swift; sourceTree = "<group>"; };
		7C6BE8F01EF8438D008B86F9 /* GoalMockDataStore.swift */ = {isa = PBXFileReference; fileEncoding = 4; lastKnownFileType = sourcecode.swift; path = GoalMockDataStore.swift; sourceTree = "<group>"; };
		7C6BE8F51EF85C20008B86F9 /* Anchorage.framework */ = {isa = PBXFileReference; lastKnownFileType = wrapper.framework; name = Anchorage.framework; path = Carthage/Build/iOS/Anchorage.framework; sourceTree = "<group>"; };
		7C6BE8F81EF85E65008B86F9 /* GoalsView.swift */ = {isa = PBXFileReference; fileEncoding = 4; lastKnownFileType = sourcecode.swift; path = GoalsView.swift; sourceTree = "<group>"; };
/* End PBXFileReference section */

/* Begin PBXFrameworksBuildPhase section */
		7C6BE8AD1EF83A6F008B86F9 /* Frameworks */ = {
			isa = PBXFrameworksBuildPhase;
			buildActionMask = 2147483647;
			files = (
				7C6BE8F61EF85C20008B86F9 /* Anchorage.framework in Frameworks */,
			);
			runOnlyForDeploymentPostprocessing = 0;
		};
/* End PBXFrameworksBuildPhase section */

/* Begin PBXGroup section */
		7C3E89B51EFD7CE800144793 /* Extensions */ = {
			isa = PBXGroup;
			children = (
				7C3E89B61EFD7CFB00144793 /* Date+format.swift */,
			);
			path = Extensions;
			sourceTree = "<group>";
		};
		7C58877B1EFC55EE007F32BC /* DTOs */ = {
			isa = PBXGroup;
			children = (
				7C58877C1EFC5606007F32BC /* GoalCellDTO.swift */,
			);
			path = DTOs;
			sourceTree = "<group>";
		};
		7C603F361EFAE76500529D58 /* Views */ = {
			isa = PBXGroup;
			children = (
				7C603F371EFAE79500529D58 /* GoalTableViewCell.swift */,
			);
			path = Views;
			sourceTree = "<group>";
		};
		7C6BE8A71EF83A6F008B86F9 = {
			isa = PBXGroup;
			children = (
				7C6BE8B21EF83A6F008B86F9 /* BeatTheDay */,
				7C6BE8B11EF83A6F008B86F9 /* Products */,
				7C6BE8F41EF85C20008B86F9 /* Frameworks */,
			);
			sourceTree = "<group>";
		};
		7C6BE8B11EF83A6F008B86F9 /* Products */ = {
			isa = PBXGroup;
			children = (
				7C6BE8B01EF83A6F008B86F9 /* BeatTheDay.app */,
			);
			name = Products;
			sourceTree = "<group>";
		};
		7C6BE8B21EF83A6F008B86F9 /* BeatTheDay */ = {
			isa = PBXGroup;
			children = (
				7C6BE8BC1EF83A6F008B86F9 /* LaunchScreen.storyboard */,
				7C6BE8B31EF83A6F008B86F9 /* AppDelegate.swift */,
				7C6BE8BA1EF83A6F008B86F9 /* Assets.xcassets */,
				7C6BE8BF1EF83A6F008B86F9 /* Info.plist */,
				7C6BE8C51EF83ACE008B86F9 /* Modules */,
				7C6BE8E41EF84098008B86F9 /* Common */,
			);
			path = BeatTheDay;
			sourceTree = "<group>";
		};
		7C6BE8C51EF83ACE008B86F9 /* Modules */ = {
			isa = PBXGroup;
			children = (
				7C6BE8C61EF83ACE008B86F9 /* Goals */,
			);
			path = Modules;
			sourceTree = "<group>";
		};
		7C6BE8C61EF83ACE008B86F9 /* Goals */ = {
			isa = PBXGroup;
			children = (
				7C6BE8E61EF840E2008B86F9 /* Router */,
				7C6BE8CF1EF83ACE008B86F9 /* View */,
				7C6BE8CA1EF83ACE008B86F9 /* Presenter */,
				7C6BE8C71EF83ACE008B86F9 /* Interactor */,
			);
			path = Goals;
			sourceTree = "<group>";
		};
		7C6BE8C71EF83ACE008B86F9 /* Interactor */ = {
			isa = PBXGroup;
			children = (
				7C6BE8E21EF84053008B86F9 /* GoalsInteractorInput.swift */,
				7C6BE8C81EF83ACE008B86F9 /* GoalsInteractor.swift */,
			);
			path = Interactor;
			sourceTree = "<group>";
		};
		7C6BE8CA1EF83ACE008B86F9 /* Presenter */ = {
			isa = PBXGroup;
			children = (
				7C6BE8DF1EF84048008B86F9 /* GoalsModuleInterface.swift */,
				7C6BE8DE1EF84048008B86F9 /* GoalsInteractorOutput.swift */,
				7C6BE8CC1EF83ACE008B86F9 /* GoalsPresenter.swift */,
			);
			path = Presenter;
			sourceTree = "<group>";
		};
		7C6BE8CF1EF83ACE008B86F9 /* View */ = {
			isa = PBXGroup;
			children = (
				7C6BE8DC1EF8403A008B86F9 /* GoalsViewInterface.swift */,
				7C6BE8D11EF83ACE008B86F9 /* GoalsViewController.swift */,
				7C6BE8F81EF85E65008B86F9 /* GoalsView.swift */,
			);
			path = View;
			sourceTree = "<group>";
		};
		7C6BE8E41EF84098008B86F9 /* Common */ = {
			isa = PBXGroup;
			children = (
				7C6BE8EB1EF84188008B86F9 /* DataStore */,
				7C58877B1EFC55EE007F32BC /* DTOs */,
				7C6BE8E51EF840D4008B86F9 /* Entity */,
				7C3E89B51EFD7CE800144793 /* Extensions */,
				7C603F361EFAE76500529D58 /* Views */,
			);
			path = Common;
			sourceTree = "<group>";
		};
		7C6BE8E51EF840D4008B86F9 /* Entity */ = {
			isa = PBXGroup;
			children = (
				7C6BE8EC1EF84193008B86F9 /* Goal.swift */,
			);
			path = Entity;
			sourceTree = "<group>";
		};
		7C6BE8E61EF840E2008B86F9 /* Router */ = {
			isa = PBXGroup;
			children = (
				7C6BE8E81EF84103008B86F9 /* GoalsWireFrame.swift */,
				7C6BE8E71EF84103008B86F9 /* GoalsRouter.swift */,
			);
			path = Router;
			sourceTree = "<group>";
		};
		7C6BE8EB1EF84188008B86F9 /* DataStore */ = {
			isa = PBXGroup;
			children = (
				7C6BE8EE1EF842D1008B86F9 /* GoalDataStore.swift */,
				7C6BE8F01EF8438D008B86F9 /* GoalMockDataStore.swift */,
			);
			path = DataStore;
			sourceTree = "<group>";
		};
		7C6BE8F41EF85C20008B86F9 /* Frameworks */ = {
			isa = PBXGroup;
			children = (
				7C6BE8F51EF85C20008B86F9 /* Anchorage.framework */,
			);
			name = Frameworks;
			sourceTree = "<group>";
		};
/* End PBXGroup section */

/* Begin PBXNativeTarget section */
		7C6BE8AF1EF83A6F008B86F9 /* BeatTheDay */ = {
			isa = PBXNativeTarget;
			buildConfigurationList = 7C6BE8C21EF83A6F008B86F9 /* Build configuration list for PBXNativeTarget "BeatTheDay" */;
			buildPhases = (
				7C6BE8AC1EF83A6F008B86F9 /* Sources */,
				7C6BE8AD1EF83A6F008B86F9 /* Frameworks */,
				7C6BE8AE1EF83A6F008B86F9 /* Resources */,
				7C6BE8F71EF85C48008B86F9 /* ShellScript */,
			);
			buildRules = (
			);
			dependencies = (
			);
			name = BeatTheDay;
			productName = BeatTheDay;
			productReference = 7C6BE8B01EF83A6F008B86F9 /* BeatTheDay.app */;
			productType = "com.apple.product-type.application";
		};
/* End PBXNativeTarget section */

/* Begin PBXProject section */
		7C6BE8A81EF83A6F008B86F9 /* Project object */ = {
			isa = PBXProject;
			attributes = {
				LastSwiftUpdateCheck = 0830;
				LastUpgradeCheck = 0830;
				ORGANIZATIONNAME = "Andrés Vicente Linares";
				TargetAttributes = {
					7C6BE8AF1EF83A6F008B86F9 = {
						CreatedOnToolsVersion = 8.3.2;
						ProvisioningStyle = Automatic;
					};
				};
			};
			buildConfigurationList = 7C6BE8AB1EF83A6F008B86F9 /* Build configuration list for PBXProject "BeatTheDay" */;
			compatibilityVersion = "Xcode 3.2";
			developmentRegion = English;
			hasScannedForEncodings = 0;
			knownRegions = (
				en,
				Base,
			);
			mainGroup = 7C6BE8A71EF83A6F008B86F9;
			productRefGroup = 7C6BE8B11EF83A6F008B86F9 /* Products */;
			projectDirPath = "";
			projectRoot = "";
			targets = (
				7C6BE8AF1EF83A6F008B86F9 /* BeatTheDay */,
			);
		};
/* End PBXProject section */

/* Begin PBXResourcesBuildPhase section */
		7C6BE8AE1EF83A6F008B86F9 /* Resources */ = {
			isa = PBXResourcesBuildPhase;
			buildActionMask = 2147483647;
			files = (
				7C6BE8BE1EF83A6F008B86F9 /* LaunchScreen.storyboard in Resources */,
				7C6BE8BB1EF83A6F008B86F9 /* Assets.xcassets in Resources */,
			);
			runOnlyForDeploymentPostprocessing = 0;
		};
/* End PBXResourcesBuildPhase section */

/* Begin PBXShellScriptBuildPhase section */
		7C6BE8F71EF85C48008B86F9 /* ShellScript */ = {
			isa = PBXShellScriptBuildPhase;
			buildActionMask = 2147483647;
			files = (
			);
			inputPaths = (
				"$(SRCROOT)/Carthage/Build/iOS/Anchorage.framework",
			);
			outputPaths = (
			);
			runOnlyForDeploymentPostprocessing = 0;
			shellPath = /bin/sh;
			shellScript = "/usr/local/bin/carthage copy-frameworks";
		};
/* End PBXShellScriptBuildPhase section */

/* Begin PBXSourcesBuildPhase section */
		7C6BE8AC1EF83A6F008B86F9 /* Sources */ = {
			isa = PBXSourcesBuildPhase;
			buildActionMask = 2147483647;
			files = (
				7C6BE8EF1EF842D1008B86F9 /* GoalDataStore.swift in Sources */,
				7C6BE8E01EF84048008B86F9 /* GoalsInteractorOutput.swift in Sources */,
				7C58877D1EFC5606007F32BC /* GoalCellDTO.swift in Sources */,
				7C603F381EFAE79500529D58 /* GoalTableViewCell.swift in Sources */,
				7C6BE8EA1EF84103008B86F9 /* GoalsWireFrame.swift in Sources */,
				7C6BE8F91EF85E65008B86F9 /* GoalsView.swift in Sources */,
				7C3E89B71EFD7CFB00144793 /* Date+format.swift in Sources */,
				7C6BE8B41EF83A6F008B86F9 /* AppDelegate.swift in Sources */,
				7C6BE8D51EF83ACE008B86F9 /* GoalsPresenter.swift in Sources */,
				7C6BE8ED1EF84193008B86F9 /* Goal.swift in Sources */,
				7C6BE8D21EF83ACE008B86F9 /* GoalsInteractor.swift in Sources */,
				7C6BE8F11EF8438D008B86F9 /* GoalMockDataStore.swift in Sources */,
				7C6BE8E91EF84103008B86F9 /* GoalsRouter.swift in Sources */,
				7C6BE8E31EF84053008B86F9 /* GoalsInteractorInput.swift in Sources */,
				7C6BE8D91EF83ACE008B86F9 /* GoalsViewController.swift in Sources */,
				7C6BE8DD1EF8403A008B86F9 /* GoalsViewInterface.swift in Sources */,
				7C6BE8E11EF84048008B86F9 /* GoalsModuleInterface.swift in Sources */,
			);
			runOnlyForDeploymentPostprocessing = 0;
		};
/* End PBXSourcesBuildPhase section */

/* Begin PBXVariantGroup section */
		7C6BE8BC1EF83A6F008B86F9 /* LaunchScreen.storyboard */ = {
			isa = PBXVariantGroup;
			children = (
				7C6BE8BD1EF83A6F008B86F9 /* Base */,
			);
			name = LaunchScreen.storyboard;
			sourceTree = "<group>";
		};
/* End PBXVariantGroup section */

/* Begin XCBuildConfiguration section */
		7C6BE8C01EF83A6F008B86F9 /* Debug */ = {
			isa = XCBuildConfiguration;
			buildSettings = {
				ALWAYS_SEARCH_USER_PATHS = NO;
				CLANG_ANALYZER_NONNULL = YES;
				CLANG_ANALYZER_NUMBER_OBJECT_CONVERSION = YES_AGGRESSIVE;
				CLANG_CXX_LANGUAGE_STANDARD = "gnu++0x";
				CLANG_CXX_LIBRARY = "libc++";
				CLANG_ENABLE_MODULES = YES;
				CLANG_ENABLE_OBJC_ARC = YES;
				CLANG_WARN_BOOL_CONVERSION = YES;
				CLANG_WARN_CONSTANT_CONVERSION = YES;
				CLANG_WARN_DIRECT_OBJC_ISA_USAGE = YES_ERROR;
				CLANG_WARN_DOCUMENTATION_COMMENTS = YES;
				CLANG_WARN_EMPTY_BODY = YES;
				CLANG_WARN_ENUM_CONVERSION = YES;
				CLANG_WARN_INFINITE_RECURSION = YES;
				CLANG_WARN_INT_CONVERSION = YES;
				CLANG_WARN_OBJC_ROOT_CLASS = YES_ERROR;
				CLANG_WARN_SUSPICIOUS_MOVE = YES;
				CLANG_WARN_UNREACHABLE_CODE = YES;
				CLANG_WARN__DUPLICATE_METHOD_MATCH = YES;
				"CODE_SIGN_IDENTITY[sdk=iphoneos*]" = "iPhone Developer";
				COPY_PHASE_STRIP = NO;
				DEBUG_INFORMATION_FORMAT = dwarf;
				ENABLE_STRICT_OBJC_MSGSEND = YES;
				ENABLE_TESTABILITY = YES;
				GCC_C_LANGUAGE_STANDARD = gnu99;
				GCC_DYNAMIC_NO_PIC = NO;
				GCC_NO_COMMON_BLOCKS = YES;
				GCC_OPTIMIZATION_LEVEL = 0;
				GCC_PREPROCESSOR_DEFINITIONS = (
					"DEBUG=1",
					"$(inherited)",
				);
				GCC_WARN_64_TO_32_BIT_CONVERSION = YES;
				GCC_WARN_ABOUT_RETURN_TYPE = YES_ERROR;
				GCC_WARN_UNDECLARED_SELECTOR = YES;
				GCC_WARN_UNINITIALIZED_AUTOS = YES_AGGRESSIVE;
				GCC_WARN_UNUSED_FUNCTION = YES;
				GCC_WARN_UNUSED_VARIABLE = YES;
				IPHONEOS_DEPLOYMENT_TARGET = 10.3;
				MTL_ENABLE_DEBUG_INFO = YES;
				ONLY_ACTIVE_ARCH = YES;
				SDKROOT = iphoneos;
				SWIFT_ACTIVE_COMPILATION_CONDITIONS = DEBUG;
				SWIFT_OPTIMIZATION_LEVEL = "-Onone";
				TARGETED_DEVICE_FAMILY = "1,2";
			};
			name = Debug;
		};
		7C6BE8C11EF83A6F008B86F9 /* Release */ = {
			isa = XCBuildConfiguration;
			buildSettings = {
				ALWAYS_SEARCH_USER_PATHS = NO;
				CLANG_ANALYZER_NONNULL = YES;
				CLANG_ANALYZER_NUMBER_OBJECT_CONVERSION = YES_AGGRESSIVE;
				CLANG_CXX_LANGUAGE_STANDARD = "gnu++0x";
				CLANG_CXX_LIBRARY = "libc++";
				CLANG_ENABLE_MODULES = YES;
				CLANG_ENABLE_OBJC_ARC = YES;
				CLANG_WARN_BOOL_CONVERSION = YES;
				CLANG_WARN_CONSTANT_CONVERSION = YES;
				CLANG_WARN_DIRECT_OBJC_ISA_USAGE = YES_ERROR;
				CLANG_WARN_DOCUMENTATION_COMMENTS = YES;
				CLANG_WARN_EMPTY_BODY = YES;
				CLANG_WARN_ENUM_CONVERSION = YES;
				CLANG_WARN_INFINITE_RECURSION = YES;
				CLANG_WARN_INT_CONVERSION = YES;
				CLANG_WARN_OBJC_ROOT_CLASS = YES_ERROR;
				CLANG_WARN_SUSPICIOUS_MOVE = YES;
				CLANG_WARN_UNREACHABLE_CODE = YES;
				CLANG_WARN__DUPLICATE_METHOD_MATCH = YES;
				"CODE_SIGN_IDENTITY[sdk=iphoneos*]" = "iPhone Developer";
				COPY_PHASE_STRIP = NO;
				DEBUG_INFORMATION_FORMAT = "dwarf-with-dsym";
				ENABLE_NS_ASSERTIONS = NO;
				ENABLE_STRICT_OBJC_MSGSEND = YES;
				GCC_C_LANGUAGE_STANDARD = gnu99;
				GCC_NO_COMMON_BLOCKS = YES;
				GCC_WARN_64_TO_32_BIT_CONVERSION = YES;
				GCC_WARN_ABOUT_RETURN_TYPE = YES_ERROR;
				GCC_WARN_UNDECLARED_SELECTOR = YES;
				GCC_WARN_UNINITIALIZED_AUTOS = YES_AGGRESSIVE;
				GCC_WARN_UNUSED_FUNCTION = YES;
				GCC_WARN_UNUSED_VARIABLE = YES;
				IPHONEOS_DEPLOYMENT_TARGET = 10.3;
				MTL_ENABLE_DEBUG_INFO = NO;
				SDKROOT = iphoneos;
				SWIFT_OPTIMIZATION_LEVEL = "-Owholemodule";
				TARGETED_DEVICE_FAMILY = "1,2";
				VALIDATE_PRODUCT = YES;
			};
			name = Release;
		};
		7C6BE8C31EF83A6F008B86F9 /* Debug */ = {
			isa = XCBuildConfiguration;
			buildSettings = {
				ASSETCATALOG_COMPILER_APPICON_NAME = AppIcon;
				FRAMEWORK_SEARCH_PATHS = (
					"$(inherited)",
					"$(PROJECT_DIR)/Carthage/Build/iOS",
				);
				INFOPLIST_FILE = BeatTheDay/Info.plist;
				LD_RUNPATH_SEARCH_PATHS = "$(inherited) @executable_path/Frameworks";
				PRODUCT_BUNDLE_IDENTIFIER = avilin.BeatTheDay;
				PRODUCT_NAME = "$(TARGET_NAME)";
				SWIFT_VERSION = 3.0;
			};
			name = Debug;
		};
		7C6BE8C41EF83A6F008B86F9 /* Release */ = {
			isa = XCBuildConfiguration;
			buildSettings = {
				ASSETCATALOG_COMPILER_APPICON_NAME = AppIcon;
				FRAMEWORK_SEARCH_PATHS = (
					"$(inherited)",
					"$(PROJECT_DIR)/Carthage/Build/iOS",
				);
				INFOPLIST_FILE = BeatTheDay/Info.plist;
				LD_RUNPATH_SEARCH_PATHS = "$(inherited) @executable_path/Frameworks";
				PRODUCT_BUNDLE_IDENTIFIER = avilin.BeatTheDay;
				PRODUCT_NAME = "$(TARGET_NAME)";
				SWIFT_VERSION = 3.0;
			};
			name = Release;
		};
/* End XCBuildConfiguration section */

/* Begin XCConfigurationList section */
		7C6BE8AB1EF83A6F008B86F9 /* Build configuration list for PBXProject "BeatTheDay" */ = {
			isa = XCConfigurationList;
			buildConfigurations = (
				7C6BE8C01EF83A6F008B86F9 /* Debug */,
				7C6BE8C11EF83A6F008B86F9 /* Release */,
			);
			defaultConfigurationIsVisible = 0;
			defaultConfigurationName = Release;
		};
		7C6BE8C21EF83A6F008B86F9 /* Build configuration list for PBXNativeTarget "BeatTheDay" */ = {
			isa = XCConfigurationList;
			buildConfigurations = (
				7C6BE8C31EF83A6F008B86F9 /* Debug */,
				7C6BE8C41EF83A6F008B86F9 /* Release */,
			);
			defaultConfigurationIsVisible = 0;
			defaultConfigurationName = Release;
		};
/* End XCConfigurationList section */
	};
	rootObject = 7C6BE8A81EF83A6F008B86F9 /* Project object */;
}
